
Microsoft Visual Studio Solution File, Format Version 12.00
# Visual Studio 15
VisualStudioVersion = 15.0.28307.572
MinimumVisualStudioVersion = 10.0.40219.1
Project("{FAE04EC0-301F-11D3-BF4B-00C04F79EFBC}") = "Scheduler", "Scheduler\Scheduler.csproj", "{A79F19BD-48A0-4C30-BA1B-DE94D5724B1D}"
EndProject
Global
	GlobalSection(SolutionConfigurationPlatforms) = preSolution
		Debug|Any CPU = Debug|Any CPU
		Release|Any CPU = Release|Any CPU
	EndGlobalSection
	GlobalSection(ProjectConfigurationPlatforms) = postSolution
		{A79F19BD-48A0-4C30-BA1B-DE94D5724B1D}.Debug|Any CPU.ActiveCfg = Debug|Any CPU
		{A79F19BD-48A0-4C30-BA1B-DE94D5724B1D}.Debug|Any CPU.Build.0 = Debug|Any CPU
		{A79F19BD-48A0-4C30-BA1B-DE94D5724B1D}.Release|Any CPU.ActiveCfg = Release|Any CPU
		{A79F19BD-48A0-4C30-BA1B-DE94D5724B1D}.Release|Any CPU.Build.0 = Release|Any CPU
	EndGlobalSection
	GlobalSection(SolutionProperties) = preSolution
		HideSolutionNode = FALSE
	EndGlobalSection
	GlobalSection(ExtensibilityGlobals) = postSolution
		SolutionGuid = {278AC660-F652-49BC-95A4-92D074E492A5}
	EndGlobalSection
EndGlobal
